
Microsoft Visual Studio Solution File, Format Version 12.00
# Visual Studio Version 17
VisualStudioVersion = 17.3.32922.545
MinimumVisualStudioVersion = 10.0.40219.1
Project("{FAE04EC0-301F-11D3-BF4B-00C04F79EFBC}") = "FactoryTablet(patterns)", "FactoryTablet(patterns)\FactoryTablet(patterns).csproj", "{0BC73DFC-EFC1-44C5-A828-E9E9E4C2838C}"
EndProject
Global
	GlobalSection(SolutionConfigurationPlatforms) = preSolution
		Debug|Any CPU = Debug|Any CPU
		Release|Any CPU = Release|Any CPU
	EndGlobalSection
	GlobalSection(ProjectConfigurationPlatforms) = postSolution
		{0BC73DFC-EFC1-44C5-A828-E9E9E4C2838C}.Debug|Any CPU.ActiveCfg = Debug|Any CPU
		{0BC73DFC-EFC1-44C5-A828-E9E9E4C2838C}.Debug|Any CPU.Build.0 = Debug|Any CPU
		{0BC73DFC-EFC1-44C5-A828-E9E9E4C2838C}.Release|Any CPU.ActiveCfg = Release|Any CPU
		{0BC73DFC-EFC1-44C5-A828-E9E9E4C2838C}.Release|Any CPU.Build.0 = Release|Any CPU
	EndGlobalSection
	GlobalSection(SolutionProperties) = preSolution
		HideSolutionNode = FALSE
	EndGlobalSection
	GlobalSection(ExtensibilityGlobals) = postSolution
		SolutionGuid = {35F5CA5A-B879-422E-A540-6EF8D7FD6910}
	EndGlobalSection
EndGlobal
